
Microsoft Visual Studio Solution File, Format Version 12.00
# Visual Studio 15
VisualStudioVersion = 15.0.27004.2006
MinimumVisualStudioVersion = 10.0.40219.1
Project("{FAE04EC0-301F-11D3-BF4B-00C04F79EFBC}") = "HoldemServer", "HoldemServer\HoldemServer.csproj", "{33D447FC-07E1-46FC-BA92-783DF532BFD6}"
EndProject
Project("{FAE04EC0-301F-11D3-BF4B-00C04F79EFBC}") = "Client", "Client\Client.csproj", "{2C8A9AF1-E37C-42DD-9D4F-E8ED3E1A9123}"
EndProject
Global
	GlobalSection(SolutionConfigurationPlatforms) = preSolution
		Debug|Any CPU = Debug|Any CPU
		Release|Any CPU = Release|Any CPU
	EndGlobalSection
	GlobalSection(ProjectConfigurationPlatforms) = postSolution
		{33D447FC-07E1-46FC-BA92-783DF532BFD6}.Debug|Any CPU.ActiveCfg = Debug|Any CPU
		{33D447FC-07E1-46FC-BA92-783DF532BFD6}.Debug|Any CPU.Build.0 = Debug|Any CPU
		{33D447FC-07E1-46FC-BA92-783DF532BFD6}.Release|Any CPU.ActiveCfg = Release|Any CPU
		{33D447FC-07E1-46FC-BA92-783DF532BFD6}.Release|Any CPU.Build.0 = Release|Any CPU
		{2C8A9AF1-E37C-42DD-9D4F-E8ED3E1A9123}.Debug|Any CPU.ActiveCfg = Debug|Any CPU
		{2C8A9AF1-E37C-42DD-9D4F-E8ED3E1A9123}.Debug|Any CPU.Build.0 = Debug|Any CPU
		{2C8A9AF1-E37C-42DD-9D4F-E8ED3E1A9123}.Release|Any CPU.ActiveCfg = Release|Any CPU
		{2C8A9AF1-E37C-42DD-9D4F-E8ED3E1A9123}.Release|Any CPU.Build.0 = Release|Any CPU
	EndGlobalSection
	GlobalSection(SolutionProperties) = preSolution
		HideSolutionNode = FALSE
	EndGlobalSection
	GlobalSection(ExtensibilityGlobals) = postSolution
		SolutionGuid = {CA4B929D-347D-471D-B1AB-2295C316694C}
	EndGlobalSection
EndGlobal
